<?xml version="1.0" encoding="utf-8"?>
<Project ToolsVersion="4.0" xmlns="http://schemas.microsoft.com/developer/msbuild/2003">
  <ItemGroup>
    <ClCompile Include="Animator.cpp" />
    <ClCompile Include="Animations.cpp" />
    <ClCompile Include="Button.cpp" />
    <ClCompile Include="ChooseFood.cpp" />
    <ClCompile Include="GameManager.cpp" />
    <ClCompile Include="InputSystem.cpp" />
    <ClCompile Include="NoodleSlice.cpp" />
    <ClCompile Include="RenderSystem.cpp" />
    <ClCompile Include="ScreenSystem.cpp" />
    <ClCompile Include="SoundManager.cpp" />
    <ClCompile Include="StockGame.cpp" />
    <ClCompile Include="TimeSystem.cpp" />
    <ClCompile Include="WinApp.cpp" />
    <ClCompile Include="Title.cpp" />
  </ItemGroup>
  <ItemGroup>
    <ClInclude Include="Animator.h" />
    <ClInclude Include="Animations.h" />
    <ClInclude Include="Button.h" />
    <ClInclude Include="ChooseFood.h" />
    <ClInclude Include="GameManager.h" />
    <ClInclude Include="InputSystem.h" />
    <ClInclude Include="NoodleSlice.h" />
    <ClInclude Include="RenderSystem.h" />
    <ClInclude Include="ScreenSystem.h" />
    <ClInclude Include="SoundManager.h" />
    <ClInclude Include="StockGame.h" />
    <ClInclude Include="TimeSystem.h" />
    <ClInclude Include="Types.h" />
    <ClInclude Include="WinApp.h" />
    <ClInclude Include="resource.h" />
    <ClInclude Include="GlobalHeader.h" />
    <ClInclude Include="Title.h" />
  </ItemGroup>
  <ItemGroup>
    <ResourceCompile Include="01.WinAPI.rc" />
  </ItemGroup>
  <ItemGroup>
    <Image Include="resource\object\shrimp.bmp" />
  </ItemGroup>
</Project>